github.com/ChinmayR/gomodplayground/gopkg1 v0.0.0-20190315065232-8c25f668e2ee h1:jScq2zqv5XI5Ny+TvA1OtiY7z5KVNMMB/SX20qsMDnI=
github.com/ChinmayR/gomodplayground/gopkg1 v0.0.0-20190315065232-8c25f668e2ee/go.mod h1:zrwY21keuFYnkqHVqPt6NaP6vUsodGgSEWOds+pq/hM=
github.com/jessevdk/go-flags v1.4.0 h1:4IU2WS7AumrZ/40jfhf4QVDMsQwqA7VEHozFRrGARJA=
github.com/jessevdk/go-flags v1.4.0/go.mod h1:4FA24M0QyGHXBuZZK/XkWh8h0e1EYbRYJSGM75WSRxI=
